
Microsoft Visual Studio Solution File, Format Version 12.00
# Visual Studio Version 17
VisualStudioVersion = 17.2.32602.215
MinimumVisualStudioVersion = 10.0.40219.1
Project("{FAE04EC0-301F-11D3-BF4B-00C04F79EFBC}") = "PasswordGenerator", "PasswordGenerator\PasswordGenerator.csproj", "{00507762-6095-48E9-AA4B-40C3C0012FFC}"
EndProject
Global
	GlobalSection(SolutionConfigurationPlatforms) = preSolution
		Debug|Any CPU = Debug|Any CPU
		Release|Any CPU = Release|Any CPU
	EndGlobalSection
	GlobalSection(ProjectConfigurationPlatforms) = postSolution
		{00507762-6095-48E9-AA4B-40C3C0012FFC}.Debug|Any CPU.ActiveCfg = Debug|Any CPU
		{00507762-6095-48E9-AA4B-40C3C0012FFC}.Debug|Any CPU.Build.0 = Debug|Any CPU
		{00507762-6095-48E9-AA4B-40C3C0012FFC}.Release|Any CPU.ActiveCfg = Release|Any CPU
		{00507762-6095-48E9-AA4B-40C3C0012FFC}.Release|Any CPU.Build.0 = Release|Any CPU
	EndGlobalSection
	GlobalSection(SolutionProperties) = preSolution
		HideSolutionNode = FALSE
	EndGlobalSection
	GlobalSection(ExtensibilityGlobals) = postSolution
		SolutionGuid = {167A6CC6-ADE4-49CB-AD7F-747636AE502F}
	EndGlobalSection
EndGlobal
